
Microsoft Visual Studio Solution File, Format Version 12.00
# Visual Studio Version 17
VisualStudioVersion = 17.3.32811.315
MinimumVisualStudioVersion = 10.0.40219.1
Project("{FAE04EC0-301F-11D3-BF4B-00C04F79EFBC}") = "SurfaceBuilder", "SurfaceBuilder\SurfaceBuilder.csproj", "{89B5D886-981A-44D3-84B7-DD477008BEE2}"
EndProject
Global
	GlobalSection(SolutionConfigurationPlatforms) = preSolution
		Debug|Any CPU = Debug|Any CPU
		Release|Any CPU = Release|Any CPU
	EndGlobalSection
	GlobalSection(ProjectConfigurationPlatforms) = postSolution
		{89B5D886-981A-44D3-84B7-DD477008BEE2}.Debug|Any CPU.ActiveCfg = Debug|Any CPU
		{89B5D886-981A-44D3-84B7-DD477008BEE2}.Debug|Any CPU.Build.0 = Debug|Any CPU
		{89B5D886-981A-44D3-84B7-DD477008BEE2}.Release|Any CPU.ActiveCfg = Release|Any CPU
		{89B5D886-981A-44D3-84B7-DD477008BEE2}.Release|Any CPU.Build.0 = Release|Any CPU
	EndGlobalSection
	GlobalSection(SolutionProperties) = preSolution
		HideSolutionNode = FALSE
	EndGlobalSection
	GlobalSection(ExtensibilityGlobals) = postSolution
		SolutionGuid = {B4D9E28C-E7F8-49D6-AFD5-6F683D1E56C4}
	EndGlobalSection
EndGlobal
